
Microsoft Visual Studio Solution File, Format Version 12.00
# Visual Studio 15
VisualStudioVersion = 15.0.27703.2026
MinimumVisualStudioVersion = 10.0.40219.1
Project("{FAE04EC0-301F-11D3-BF4B-00C04F79EFBC}") = "CounterApp", "WindowsFormsApp1\CounterApp.csproj", "{69C9022B-427F-4EB7-B4B3-AE16FE891A11}"
EndProject
Project("{FAE04EC0-301F-11D3-BF4B-00C04F79EFBC}") = "SayHelloApp", "WindowsFormsApp2\SayHelloApp.csproj", "{41C55D7F-201A-4832-AFFA-415C4C8F9632}"
EndProject
Global
	GlobalSection(SolutionConfigurationPlatforms) = preSolution
		Debug|Any CPU = Debug|Any CPU
		Release|Any CPU = Release|Any CPU
	EndGlobalSection
	GlobalSection(ProjectConfigurationPlatforms) = postSolution
		{69C9022B-427F-4EB7-B4B3-AE16FE891A11}.Debug|Any CPU.ActiveCfg = Debug|Any CPU
		{69C9022B-427F-4EB7-B4B3-AE16FE891A11}.Debug|Any CPU.Build.0 = Debug|Any CPU
		{69C9022B-427F-4EB7-B4B3-AE16FE891A11}.Release|Any CPU.ActiveCfg = Release|Any CPU
		{69C9022B-427F-4EB7-B4B3-AE16FE891A11}.Release|Any CPU.Build.0 = Release|Any CPU
		{41C55D7F-201A-4832-AFFA-415C4C8F9632}.Debug|Any CPU.ActiveCfg = Debug|Any CPU
		{41C55D7F-201A-4832-AFFA-415C4C8F9632}.Debug|Any CPU.Build.0 = Debug|Any CPU
		{41C55D7F-201A-4832-AFFA-415C4C8F9632}.Release|Any CPU.ActiveCfg = Release|Any CPU
		{41C55D7F-201A-4832-AFFA-415C4C8F9632}.Release|Any CPU.Build.0 = Release|Any CPU
	EndGlobalSection
	GlobalSection(SolutionProperties) = preSolution
		HideSolutionNode = FALSE
	EndGlobalSection
	GlobalSection(ExtensibilityGlobals) = postSolution
		SolutionGuid = {E9906B31-850D-4D83-905E-C5B5B05CD411}
	EndGlobalSection
EndGlobal
